
Microsoft Visual Studio Solution File, Format Version 12.00
# Visual Studio Version 16
VisualStudioVersion = 16.0.31112.23
MinimumVisualStudioVersion = 10.0.40219.1
Project("{FAE04EC0-301F-11D3-BF4B-00C04F79EFBC}") = "ObjSynth3", "ObjSynth3\ObjSynth3.csproj", "{9F9902D7-2048-4BDF-9B10-CD26E0C806E2}"
EndProject
Global
	GlobalSection(SolutionConfigurationPlatforms) = preSolution
		Debug|Any CPU = Debug|Any CPU
		Release|Any CPU = Release|Any CPU
	EndGlobalSection
	GlobalSection(ProjectConfigurationPlatforms) = postSolution
		{9F9902D7-2048-4BDF-9B10-CD26E0C806E2}.Debug|Any CPU.ActiveCfg = Debug|Any CPU
		{9F9902D7-2048-4BDF-9B10-CD26E0C806E2}.Debug|Any CPU.Build.0 = Debug|Any CPU
		{9F9902D7-2048-4BDF-9B10-CD26E0C806E2}.Release|Any CPU.ActiveCfg = Release|Any CPU
		{9F9902D7-2048-4BDF-9B10-CD26E0C806E2}.Release|Any CPU.Build.0 = Release|Any CPU
	EndGlobalSection
	GlobalSection(SolutionProperties) = preSolution
		HideSolutionNode = FALSE
	EndGlobalSection
	GlobalSection(ExtensibilityGlobals) = postSolution
		SolutionGuid = {0D2BEED7-3DDE-4F9A-96F7-A453EA7761D9}
	EndGlobalSection
EndGlobal
